// !$*UTF8*$!
{
	archiveVersion = 1;
	classes = {
	};
	objectVersion = 56;
	objects = {

/* Begin PBXBuildFile section */
		F4A1EF392B8CDD5B00A0AA47 /* TableViewApp.swift in Sources */ = {isa = PBXBuildFile; fileRef = F4A1EF382B8CDD5B00A0AA47 /* TableViewApp.swift */; };
		F4A1EF3B2B8CDD5B00A0AA47 /* ContentView.swift in Sources */ = {isa = PBXBuildFile; fileRef = F4A1EF3A2B8CDD5B00A0AA47 /* ContentView.swift */; };
		F4A1EF3D2B8CDD5E00A0AA47 /* Assets.xcassets in Resources */ = {isa = PBXBuildFile; fileRef = F4A1EF3C2B8CDD5E00A0AA47 /* Assets.xcassets */; };
		F4A1EF402B8CDD5E00A0AA47 /* Preview Assets.xcassets in Resources */ = {isa = PBXBuildFile; fileRef = F4A1EF3F2B8CDD5E00A0AA47 /* Preview Assets.xcassets */; };
		F4A1EF4A2B8CDD5E00A0AA47 /* TableViewTests.swift in Sources */ = {isa = PBXBuildFile; fileRef = F4A1EF492B8CDD5E00A0AA47 /* TableViewTests.swift */; };
		F4A1EF542B8CDD5F00A0AA47 /* TableViewUITests.swift in Sources */ = {isa = PBXBuildFile; fileRef = F4A1EF532B8CDD5F00A0AA47 /* TableViewUITests.swift */; };
		F4A1EF562B8CDD5F00A0AA47 /* TableViewUITestsLaunchTests.swift in Sources */ = {isa = PBXBuildFile; fileRef = F4A1EF552B8CDD5F00A0AA47 /* TableViewUITestsLaunchTests.swift */; };
		F4A1EF632B8CDEC900A0AA47 /* NBATeam.swift in Sources */ = {isa = PBXBuildFile; fileRef = F4A1EF622B8CDEC900A0AA47 /* NBATeam.swift */; };
		F4A1EF652B8CDF1000A0AA47 /* TeamDetailView.swift in Sources */ = {isa = PBXBuildFile; fileRef = F4A1EF642B8CDF1000A0AA47 /* TeamDetailView.swift */; };
		F4A1EF672B8CDFE500A0AA47 /* TeamListView.swift in Sources */ = {isa = PBXBuildFile; fileRef = F4A1EF662B8CDFE500A0AA47 /* TeamListView.swift */; };
		F4A1EF692B8CE04C00A0AA47 /* TeamListViewModel.swift in Sources */ = {isa = PBXBuildFile; fileRef = F4A1EF682B8CE04C00A0AA47 /* TeamListViewModel.swift */; };
/* End PBXBuildFile section */

/* Begin PBXContainerItemProxy section */
		F4A1EF462B8CDD5E00A0AA47 /* PBXContainerItemProxy */ = {
			isa = PBXContainerItemProxy;
			containerPortal = F4A1EF2D2B8CDD5B00A0AA47 /* Project object */;
			proxyType = 1;
			remoteGlobalIDString = F4A1EF342B8CDD5B00A0AA47;
			remoteInfo = TableView;
		};
		F4A1EF502B8CDD5F00A0AA47 /* PBXContainerItemProxy */ = {
			isa = PBXContainerItemProxy;
			containerPortal = F4A1EF2D2B8CDD5B00A0AA47 /* Project object */;
			proxyType = 1;
			remoteGlobalIDString = F4A1EF342B8CDD5B00A0AA47;
			remoteInfo = TableView;
		};
/* End PBXContainerItemProxy section */

/* Begin PBXFileReference section */
		F4A1EF352B8CDD5B00A0AA47 /* TableView.app */ = {isa = PBXFileReference; explicitFileType = wrapper.application; includeInIndex = 0; path = TableView.app; sourceTree = BUILT_PRODUCTS_DIR; };
		F4A1EF382B8CDD5B00A0AA47 /* TableViewApp.swift */ = {isa = PBXFileReference; lastKnownFileType = sourcecode.swift; path = TableViewApp.swift; sourceTree = "<group>"; };
		F4A1EF3A2B8CDD5B00A0AA47 /* ContentView.swift */ = {isa = PBXFileReference; lastKnownFileType = sourcecode.swift; path = ContentView.swift; sourceTree = "<group>"; };
		F4A1EF3C2B8CDD5E00A0AA47 /* Assets.xcassets */ = {isa = PBXFileReference; lastKnownFileType = folder.assetcatalog; path = Assets.xcassets; sourceTree = "<group>"; };
		F4A1EF3F2B8CDD5E00A0AA47 /* Preview Assets.xcassets */ = {isa = PBXFileReference; lastKnownFileType = folder.assetcatalog; path = "Preview Assets.xcassets"; sourceTree = "<group>"; };
		F4A1EF452B8CDD5E00A0AA47 /* TableViewTests.xctest */ = {isa = PBXFileReference; explicitFileType = wrapper.cfbundle; includeInIndex = 0; path = TableViewTests.xctest; sourceTree = BUILT_PRODUCTS_DIR; };
		F4A1EF492B8CDD5E00A0AA47 /* TableViewTests.swift */ = {isa = PBXFileReference; lastKnownFileType = sourcecode.swift; path = TableViewTests.swift; sourceTree = "<group>"; };
		F4A1EF4F2B8CDD5F00A0AA47 /* TableViewUITests.xctest */ = {isa = PBXFileReference; explicitFileType = wrapper.cfbundle; includeInIndex = 0; path = TableViewUITests.xctest; sourceTree = BUILT_PRODUCTS_DIR; };
		F4A1EF532B8CDD5F00A0AA47 /* TableViewUITests.swift */ = {isa = PBXFileReference; lastKnownFileType = sourcecode.swift; path = TableViewUITests.swift; sourceTree = "<group>"; };
		F4A1EF552B8CDD5F00A0AA47 /* TableViewUITestsLaunchTests.swift */ = {isa = PBXFileReference; lastKnownFileType = sourcecode.swift; path = TableViewUITestsLaunchTests.swift; sourceTree = "<group>"; };
		F4A1EF622B8CDEC900A0AA47 /* NBATeam.swift */ = {isa = PBXFileReference; lastKnownFileType = sourcecode.swift; path = NBATeam.swift; sourceTree = "<group>"; };
		F4A1EF642B8CDF1000A0AA47 /* TeamDetailView.swift */ = {isa = PBXFileReference; lastKnownFileType = sourcecode.swift; path = TeamDetailView.swift; sourceTree = "<group>"; };
		F4A1EF662B8CDFE500A0AA47 /* TeamListView.swift */ = {isa = PBXFileReference; lastKnownFileType = sourcecode.swift; path = TeamListView.swift; sourceTree = "<group>"; };
		F4A1EF682B8CE04C00A0AA47 /* TeamListViewModel.swift */ = {isa = PBXFileReference; lastKnownFileType = sourcecode.swift; path = TeamListViewModel.swift; sourceTree = "<group>"; };
/* End PBXFileReference section */

/* Begin PBXFrameworksBuildPhase section */
		F4A1EF322B8CDD5B00A0AA47 /* Frameworks */ = {
			isa = PBXFrameworksBuildPhase;
			buildActionMask = 2147483647;
			files = (
			);
			runOnlyForDeploymentPostprocessing = 0;
		};
		F4A1EF422B8CDD5E00A0AA47 /* Frameworks */ = {
			isa = PBXFrameworksBuildPhase;
			buildActionMask = 2147483647;
			files = (
			);
			runOnlyForDeploymentPostprocessing = 0;
		};
		F4A1EF4C2B8CDD5F00A0AA47 /* Frameworks */ = {
			isa = PBXFrameworksBuildPhase;
			buildActionMask = 2147483647;
			files = (
			);
			runOnlyForDeploymentPostprocessing = 0;
		};
/* End PBXFrameworksBuildPhase section */

/* Begin PBXGroup section */
		F4A1EF2C2B8CDD5B00A0AA47 = {
			isa = PBXGroup;
			children = (
				F4A1EF372B8CDD5B00A0AA47 /* TableView */,
				F4A1EF482B8CDD5E00A0AA47 /* TableViewTests */,
				F4A1EF522B8CDD5F00A0AA47 /* TableViewUITests */,
				F4A1EF362B8CDD5B00A0AA47 /* Products */,
			);
			sourceTree = "<group>";
		};
		F4A1EF362B8CDD5B00A0AA47 /* Products */ = {
			isa = PBXGroup;
			children = (
				F4A1EF352B8CDD5B00A0AA47 /* TableView.app */,
				F4A1EF452B8CDD5E00A0AA47 /* TableViewTests.xctest */,
				F4A1EF4F2B8CDD5F00A0AA47 /* TableViewUITests.xctest */,
			);
			name = Products;
			sourceTree = "<group>";
		};
		F4A1EF372B8CDD5B00A0AA47 /* TableView */ = {
			isa = PBXGroup;
			children = (
				F4A1EF382B8CDD5B00A0AA47 /* TableViewApp.swift */,
				F4A1EF3A2B8CDD5B00A0AA47 /* ContentView.swift */,
				F4A1EF3C2B8CDD5E00A0AA47 /* Assets.xcassets */,
				F4A1EF3E2B8CDD5E00A0AA47 /* Preview Content */,
				F4A1EF622B8CDEC900A0AA47 /* NBATeam.swift */,
				F4A1EF642B8CDF1000A0AA47 /* TeamDetailView.swift */,
				F4A1EF662B8CDFE500A0AA47 /* TeamListView.swift */,
				F4A1EF682B8CE04C00A0AA47 /* TeamListViewModel.swift */,
			);
			path = TableView;
			sourceTree = "<group>";
		};
		F4A1EF3E2B8CDD5E00A0AA47 /* Preview Content */ = {
			isa = PBXGroup;
			children = (
				F4A1EF3F2B8CDD5E00A0AA47 /* Preview Assets.xcassets */,
			);
			path = "Preview Content";
			sourceTree = "<group>";
		};
		F4A1EF482B8CDD5E00A0AA47 /* TableViewTests */ = {
			isa = PBXGroup;
			children = (
				F4A1EF492B8CDD5E00A0AA47 /* TableViewTests.swift */,
			);
			path = TableViewTests;
			sourceTree = "<group>";
		};
		F4A1EF522B8CDD5F00A0AA47 /* TableViewUITests */ = {
			isa = PBXGroup;
			children = (
				F4A1EF532B8CDD5F00A0AA47 /* TableViewUITests.swift */,
				F4A1EF552B8CDD5F00A0AA47 /* TableViewUITestsLaunchTests.swift */,
			);
			path = TableViewUITests;
			sourceTree = "<group>";
		};
/* End PBXGroup section */

/* Begin PBXNativeTarget section */
		F4A1EF342B8CDD5B00A0AA47 /* TableView */ = {
			isa = PBXNativeTarget;
			buildConfigurationList = F4A1EF592B8CDD5F00A0AA47 /* Build configuration list for PBXNativeTarget "TableView" */;
			buildPhases = (
				F4A1EF312B8CDD5B00A0AA47 /* Sources */,
				F4A1EF322B8CDD5B00A0AA47 /* Frameworks */,
				F4A1EF332B8CDD5B00A0AA47 /* Resources */,
			);
			buildRules = (
			);
			dependencies = (
			);
			name = TableView;
			productName = TableView;
			productReference = F4A1EF352B8CDD5B00A0AA47 /* TableView.app */;
			productType = "com.apple.product-type.application";
		};
		F4A1EF442B8CDD5E00A0AA47 /* TableViewTests */ = {
			isa = PBXNativeTarget;
			buildConfigurationList = F4A1EF5C2B8CDD5F00A0AA47 /* Build configuration list for PBXNativeTarget "TableViewTests" */;
			buildPhases = (
				F4A1EF412B8CDD5E00A0AA47 /* Sources */,
				F4A1EF422B8CDD5E00A0AA47 /* Frameworks */,
				F4A1EF432B8CDD5E00A0AA47 /* Resources */,
			);
			buildRules = (
			);
			dependencies = (
				F4A1EF472B8CDD5E00A0AA47 /* PBXTargetDependency */,
			);
			name = TableViewTests;
			productName = TableViewTests;
			productReference = F4A1EF452B8CDD5E00A0AA47 /* TableViewTests.xctest */;
			productType = "com.apple.product-type.bundle.unit-test";
		};
		F4A1EF4E2B8CDD5F00A0AA47 /* TableViewUITests */ = {
			isa = PBXNativeTarget;
			buildConfigurationList = F4A1EF5F2B8CDD5F00A0AA47 /* Build configuration list for PBXNativeTarget "TableViewUITests" */;
			buildPhases = (
				F4A1EF4B2B8CDD5F00A0AA47 /* Sources */,
				F4A1EF4C2B8CDD5F00A0AA47 /* Frameworks */,
				F4A1EF4D2B8CDD5F00A0AA47 /* Resources */,
			);
			buildRules = (
			);
			dependencies = (
				F4A1EF512B8CDD5F00A0AA47 /* PBXTargetDependency */,
			);
			name = TableViewUITests;
			productName = TableViewUITests;
			productReference = F4A1EF4F2B8CDD5F00A0AA47 /* TableViewUITests.xctest */;
			productType = "com.apple.product-type.bundle.ui-testing";
		};
/* End PBXNativeTarget section */

/* Begin PBXProject section */
		F4A1EF2D2B8CDD5B00A0AA47 /* Project object */ = {
			isa = PBXProject;
			attributes = {
				BuildIndependentTargetsInParallel = 1;
				LastSwiftUpdateCheck = 1420;
				LastUpgradeCheck = 1420;
				TargetAttributes = {
					F4A1EF342B8CDD5B00A0AA47 = {
						CreatedOnToolsVersion = 14.2;
					};
					F4A1EF442B8CDD5E00A0AA47 = {
						CreatedOnToolsVersion = 14.2;
						TestTargetID = F4A1EF342B8CDD5B00A0AA47;
					};
					F4A1EF4E2B8CDD5F00A0AA47 = {
						CreatedOnToolsVersion = 14.2;
						TestTargetID = F4A1EF342B8CDD5B00A0AA47;
					};
				};
			};
			buildConfigurationList = F4A1EF302B8CDD5B00A0AA47 /* Build configuration list for PBXProject "TableView" */;
			compatibilityVersion = "Xcode 14.0";
			developmentRegion = en;
			hasScannedForEncodings = 0;
			knownRegions = (
				en,
				Base,
			);
			mainGroup = F4A1EF2C2B8CDD5B00A0AA47;
			productRefGroup = F4A1EF362B8CDD5B00A0AA47 /* Products */;
			projectDirPath = "";
			projectRoot = "";
			targets = (
				F4A1EF342B8CDD5B00A0AA47 /* TableView */,
				F4A1EF442B8CDD5E00A0AA47 /* TableViewTests */,
				F4A1EF4E2B8CDD5F00A0AA47 /* TableViewUITests */,
			);
		};
/* End PBXProject section */

/* Begin PBXResourcesBuildPhase section */
		F4A1EF332B8CDD5B00A0AA47 /* Resources */ = {
			isa = PBXResourcesBuildPhase;
			buildActionMask = 2147483647;
			files = (
				F4A1EF402B8CDD5E00A0AA47 /* Preview Assets.xcassets in Resources */,
				F4A1EF3D2B8CDD5E00A0AA47 /* Assets.xcassets in Resources */,
			);
			runOnlyForDeploymentPostprocessing = 0;
		};
		F4A1EF432B8CDD5E00A0AA47 /* Resources */ = {
			isa = PBXResourcesBuildPhase;
			buildActionMask = 2147483647;
			files = (
			);
			runOnlyForDeploymentPostprocessing = 0;
		};
		F4A1EF4D2B8CDD5F00A0AA47 /* Resources */ = {
			isa = PBXResourcesBuildPhase;
			buildActionMask = 2147483647;
			files = (
			);
			runOnlyForDeploymentPostprocessing = 0;
		};
/* End PBXResourcesBuildPhase section */

/* Begin PBXSourcesBuildPhase section */
		F4A1EF312B8CDD5B00A0AA47 /* Sources */ = {
			isa = PBXSourcesBuildPhase;
			buildActionMask = 2147483647;
			files = (
				F4A1EF652B8CDF1000A0AA47 /* TeamDetailView.swift in Sources */,
				F4A1EF692B8CE04C00A0AA47 /* TeamListViewModel.swift in Sources */,
				F4A1EF3B2B8CDD5B00A0AA47 /* ContentView.swift in Sources */,
				F4A1EF672B8CDFE500A0AA47 /* TeamListView.swift in Sources */,
				F4A1EF632B8CDEC900A0AA47 /* NBATeam.swift in Sources */,
				F4A1EF392B8CDD5B00A0AA47 /* TableViewApp.swift in Sources */,
			);
			runOnlyForDeploymentPostprocessing = 0;
		};
		F4A1EF412B8CDD5E00A0AA47 /* Sources */ = {
			isa = PBXSourcesBuildPhase;
			buildActionMask = 2147483647;
			files = (
				F4A1EF4A2B8CDD5E00A0AA47 /* TableViewTests.swift in Sources */,
			);
			runOnlyForDeploymentPostprocessing = 0;
		};
		F4A1EF4B2B8CDD5F00A0AA47 /* Sources */ = {
			isa = PBXSourcesBuildPhase;
			buildActionMask = 2147483647;
			files = (
				F4A1EF562B8CDD5F00A0AA47 /* TableViewUITestsLaunchTests.swift in Sources */,
				F4A1EF542B8CDD5F00A0AA47 /* TableViewUITests.swift in Sources */,
			);
			runOnlyForDeploymentPostprocessing = 0;
		};
/* End PBXSourcesBuildPhase section */

/* Begin PBXTargetDependency section */
		F4A1EF472B8CDD5E00A0AA47 /* PBXTargetDependency */ = {
			isa = PBXTargetDependency;
			target = F4A1EF342B8CDD5B00A0AA47 /* TableView */;
			targetProxy = F4A1EF462B8CDD5E00A0AA47 /* PBXContainerItemProxy */;
		};
		F4A1EF512B8CDD5F00A0AA47 /* PBXTargetDependency */ = {
			isa = PBXTargetDependency;
			target = F4A1EF342B8CDD5B00A0AA47 /* TableView */;
			targetProxy = F4A1EF502B8CDD5F00A0AA47 /* PBXContainerItemProxy */;
		};
/* End PBXTargetDependency section */

/* Begin XCBuildConfiguration section */
		F4A1EF572B8CDD5F00A0AA47 /* Debug */ = {
			isa = XCBuildConfiguration;
			buildSettings = {
				ALWAYS_SEARCH_USER_PATHS = NO;
				CLANG_ANALYZER_NONNULL = YES;
				CLANG_ANALYZER_NUMBER_OBJECT_CONVERSION = YES_AGGRESSIVE;
				CLANG_CXX_LANGUAGE_STANDARD = "gnu++20";
				CLANG_ENABLE_MODULES = YES;
				CLANG_ENABLE_OBJC_ARC = YES;
				CLANG_ENABLE_OBJC_WEAK = YES;
				CLANG_WARN_BLOCK_CAPTURE_AUTORELEASING = YES;
				CLANG_WARN_BOOL_CONVERSION = YES;
				CLANG_WARN_COMMA = YES;
				CLANG_WARN_CONSTANT_CONVERSION = YES;
				CLANG_WARN_DEPRECATED_OBJC_IMPLEMENTATIONS = YES;
				CLANG_WARN_DIRECT_OBJC_ISA_USAGE = YES_ERROR;
				CLANG_WARN_DOCUMENTATION_COMMENTS = YES;
				CLANG_WARN_EMPTY_BODY = YES;
				CLANG_WARN_ENUM_CONVERSION = YES;
				CLANG_WARN_INFINITE_RECURSION = YES;
				CLANG_WARN_INT_CONVERSION = YES;
				CLANG_WARN_NON_LITERAL_NULL_CONVERSION = YES;
				CLANG_WARN_OBJC_IMPLICIT_RETAIN_SELF = YES;
				CLANG_WARN_OBJC_LITERAL_CONVERSION = YES;
				CLANG_WARN_OBJC_ROOT_CLASS = YES_ERROR;
				CLANG_WARN_QUOTED_INCLUDE_IN_FRAMEWORK_HEADER = YES;
				CLANG_WARN_RANGE_LOOP_ANALYSIS = YES;
				CLANG_WARN_STRICT_PROTOTYPES = YES;
				CLANG_WARN_SUSPICIOUS_MOVE = YES;
				CLANG_WARN_UNGUARDED_AVAILABILITY = YES_AGGRESSIVE;
				CLANG_WARN_UNREACHABLE_CODE = YES;
				CLANG_WARN__DUPLICATE_METHOD_MATCH = YES;
				COPY_PHASE_STRIP = NO;
				DEBUG_INFORMATION_FORMAT = dwarf;
				ENABLE_STRICT_OBJC_MSGSEND = YES;
				ENABLE_TESTABILITY = YES;
				GCC_C_LANGUAGE_STANDARD = gnu11;
				GCC_DYNAMIC_NO_PIC = NO;
				GCC_NO_COMMON_BLOCKS = YES;
				GCC_OPTIMIZATION_LEVEL = 0;
				GCC_PREPROCESSOR_DEFINITIONS = (
					"DEBUG=1",
					"$(inherited)",
				);
				GCC_WARN_64_TO_32_BIT_CONVERSION = YES;
				GCC_WARN_ABOUT_RETURN_TYPE = YES_ERROR;
				GCC_WARN_UNDECLARED_SELECTOR = YES;
				GCC_WARN_UNINITIALIZED_AUTOS = YES_AGGRESSIVE;
				GCC_WARN_UNUSED_FUNCTION = YES;
				GCC_WARN_UNUSED_VARIABLE = YES;
				IPHONEOS_DEPLOYMENT_TARGET = 16.2;
				MTL_ENABLE_DEBUG_INFO = INCLUDE_SOURCE;
				MTL_FAST_MATH = YES;
				ONLY_ACTIVE_ARCH = YES;
				SDKROOT = iphoneos;
				SWIFT_ACTIVE_COMPILATION_CONDITIONS = DEBUG;
				SWIFT_OPTIMIZATION_LEVEL = "-Onone";
			};
			name = Debug;
		};
		F4A1EF582B8CDD5F00A0AA47 /* Release */ = {
			isa = XCBuildConfiguration;
			buildSettings = {
				ALWAYS_SEARCH_USER_PATHS = NO;
				CLANG_ANALYZER_NONNULL = YES;
				CLANG_ANALYZER_NUMBER_OBJECT_CONVERSION = YES_AGGRESSIVE;
				CLANG_CXX_LANGUAGE_STANDARD = "gnu++20";
				CLANG_ENABLE_MODULES = YES;
				CLANG_ENABLE_OBJC_ARC = YES;
				CLANG_ENABLE_OBJC_WEAK = YES;
				CLANG_WARN_BLOCK_CAPTURE_AUTORELEASING = YES;
				CLANG_WARN_BOOL_CONVERSION = YES;
				CLANG_WARN_COMMA = YES;
				CLANG_WARN_CONSTANT_CONVERSION = YES;
				CLANG_WARN_DEPRECATED_OBJC_IMPLEMENTATIONS = YES;
				CLANG_WARN_DIRECT_OBJC_ISA_USAGE = YES_ERROR;
				CLANG_WARN_DOCUMENTATION_COMMENTS = YES;
				CLANG_WARN_EMPTY_BODY = YES;
				CLANG_WARN_ENUM_CONVERSION = YES;
				CLANG_WARN_INFINITE_RECURSION = YES;
				CLANG_WARN_INT_CONVERSION = YES;
				CLANG_WARN_NON_LITERAL_NULL_CONVERSION = YES;
				CLANG_WARN_OBJC_IMPLICIT_RETAIN_SELF = YES;
				CLANG_WARN_OBJC_LITERAL_CONVERSION = YES;
				CLANG_WARN_OBJC_ROOT_CLASS = YES_ERROR;
				CLANG_WARN_QUOTED_INCLUDE_IN_FRAMEWORK_HEADER = YES;
				CLANG_WARN_RANGE_LOOP_ANALYSIS = YES;
				CLANG_WARN_STRICT_PROTOTYPES = YES;
				CLANG_WARN_SUSPICIOUS_MOVE = YES;
				CLANG_WARN_UNGUARDED_AVAILABILITY = YES_AGGRESSIVE;
				CLANG_WARN_UNREACHABLE_CODE = YES;
				CLANG_WARN__DUPLICATE_METHOD_MATCH = YES;
				COPY_PHASE_STRIP = NO;
				DEBUG_INFORMATION_FORMAT = "dwarf-with-dsym";
				ENABLE_NS_ASSERTIONS = NO;
				ENABLE_STRICT_OBJC_MSGSEND = YES;
				GCC_C_LANGUAGE_STANDARD = gnu11;
				GCC_NO_COMMON_BLOCKS = YES;
				GCC_WARN_64_TO_32_BIT_CONVERSION = YES;
				GCC_WARN_ABOUT_RETURN_TYPE = YES_ERROR;
				GCC_WARN_UNDECLARED_SELECTOR = YES;
				GCC_WARN_UNINITIALIZED_AUTOS = YES_AGGRESSIVE;
				GCC_WARN_UNUSED_FUNCTION = YES;
				GCC_WARN_UNUSED_VARIABLE = YES;
				IPHONEOS_DEPLOYMENT_TARGET = 16.2;
				MTL_ENABLE_DEBUG_INFO = NO;
				MTL_FAST_MATH = YES;
				SDKROOT = iphoneos;
				SWIFT_COMPILATION_MODE = wholemodule;
				SWIFT_OPTIMIZATION_LEVEL = "-O";
				VALIDATE_PRODUCT = YES;
			};
			name = Release;
		};
		F4A1EF5A2B8CDD5F00A0AA47 /* Debug */ = {
			isa = XCBuildConfiguration;
			buildSettings = {
				ASSETCATALOG_COMPILER_APPICON_NAME = AppIcon;
				ASSETCATALOG_COMPILER_GLOBAL_ACCENT_COLOR_NAME = AccentColor;
				CODE_SIGN_STYLE = Automatic;
				CURRENT_PROJECT_VERSION = 1;
				DEVELOPMENT_ASSET_PATHS = "\"TableView/Preview Content\"";
				ENABLE_PREVIEWS = YES;
				GENERATE_INFOPLIST_FILE = YES;
				INFOPLIST_KEY_UIApplicationSceneManifest_Generation = YES;
				INFOPLIST_KEY_UIApplicationSupportsIndirectInputEvents = YES;
				INFOPLIST_KEY_UILaunchScreen_Generation = YES;
				INFOPLIST_KEY_UISupportedInterfaceOrientations_iPad = "UIInterfaceOrientationPortrait UIInterfaceOrientationPortraitUpsideDown UIInterfaceOrientationLandscapeLeft UIInterfaceOrientationLandscapeRight";
				INFOPLIST_KEY_UISupportedInterfaceOrientations_iPhone = "UIInterfaceOrientationPortrait UIInterfaceOrientationLandscapeLeft UIInterfaceOrientationLandscapeRight";
				LD_RUNPATH_SEARCH_PATHS = (
					"$(inherited)",
					"@executable_path/Frameworks",
				);
				MARKETING_VERSION = 1.0;
				PRODUCT_BUNDLE_IDENTIFIER = CPSC.TableView;
				PRODUCT_NAME = "$(TARGET_NAME)";
				SWIFT_EMIT_LOC_STRINGS = YES;
				SWIFT_VERSION = 5.0;
				TARGETED_DEVICE_FAMILY = "1,2";
			};
			name = Debug;
		};
		F4A1EF5B2B8CDD5F00A0AA47 /* Release */ = {
			isa = XCBuildConfiguration;
			buildSettings = {
				ASSETCATALOG_COMPILER_APPICON_NAME = AppIcon;
				ASSETCATALOG_COMPILER_GLOBAL_ACCENT_COLOR_NAME = AccentColor;
				CODE_SIGN_STYLE = Automatic;
				CURRENT_PROJECT_VERSION = 1;
				DEVELOPMENT_ASSET_PATHS = "\"TableView/Preview Content\"";
				ENABLE_PREVIEWS = YES;
				GENERATE_INFOPLIST_FILE = YES;
				INFOPLIST_KEY_UIApplicationSceneManifest_Generation = YES;
				INFOPLIST_KEY_UIApplicationSupportsIndirectInputEvents = YES;
				INFOPLIST_KEY_UILaunchScreen_Generation = YES;
				INFOPLIST_KEY_UISupportedInterfaceOrientations_iPad = "UIInterfaceOrientationPortrait UIInterfaceOrientationPortraitUpsideDown UIInterfaceOrientationLandscapeLeft UIInterfaceOrientationLandscapeRight";
				INFOPLIST_KEY_UISupportedInterfaceOrientations_iPhone = "UIInterfaceOrientationPortrait UIInterfaceOrientationLandscapeLeft UIInterfaceOrientationLandscapeRight";
				LD_RUNPATH_SEARCH_PATHS = (
					"$(inherited)",
					"@executable_path/Frameworks",
				);
				MARKETING_VERSION = 1.0;
				PRODUCT_BUNDLE_IDENTIFIER = CPSC.TableView;
				PRODUCT_NAME = "$(TARGET_NAME)";
				SWIFT_EMIT_LOC_STRINGS = YES;
				SWIFT_VERSION = 5.0;
				TARGETED_DEVICE_FAMILY = "1,2";
			};
			name = Release;
		};
		F4A1EF5D2B8CDD5F00A0AA47 /* Debug */ = {
			isa = XCBuildConfiguration;
			buildSettings = {
				ALWAYS_EMBED_SWIFT_STANDARD_LIBRARIES = YES;
				BUNDLE_LOADER = "$(TEST_HOST)";
				CODE_SIGN_STYLE = Automatic;
				CURRENT_PROJECT_VERSION = 1;
				GENERATE_INFOPLIST_FILE = YES;
				IPHONEOS_DEPLOYMENT_TARGET = 16.2;
				MARKETING_VERSION = 1.0;
				PRODUCT_BUNDLE_IDENTIFIER = CPSC.TableViewTests;
				PRODUCT_NAME = "$(TARGET_NAME)";
				SWIFT_EMIT_LOC_STRINGS = NO;
				SWIFT_VERSION = 5.0;
				TARGETED_DEVICE_FAMILY = "1,2";
				TEST_HOST = "$(BUILT_PRODUCTS_DIR)/TableView.app/$(BUNDLE_EXECUTABLE_FOLDER_PATH)/TableView";
			};
			name = Debug;
		};
		F4A1EF5E2B8CDD5F00A0AA47 /* Release */ = {
			isa = XCBuildConfiguration;
			buildSettings = {
				ALWAYS_EMBED_SWIFT_STANDARD_LIBRARIES = YES;
				BUNDLE_LOADER = "$(TEST_HOST)";
				CODE_SIGN_STYLE = Automatic;
				CURRENT_PROJECT_VERSION = 1;
				GENERATE_INFOPLIST_FILE = YES;
				IPHONEOS_DEPLOYMENT_TARGET = 16.2;
				MARKETING_VERSION = 1.0;
				PRODUCT_BUNDLE_IDENTIFIER = CPSC.TableViewTests;
				PRODUCT_NAME = "$(TARGET_NAME)";
				SWIFT_EMIT_LOC_STRINGS = NO;
				SWIFT_VERSION = 5.0;
				TARGETED_DEVICE_FAMILY = "1,2";
				TEST_HOST = "$(BUILT_PRODUCTS_DIR)/TableView.app/$(BUNDLE_EXECUTABLE_FOLDER_PATH)/TableView";
			};
			name = Release;
		};
		F4A1EF602B8CDD5F00A0AA47 /* Debug */ = {
			isa = XCBuildConfiguration;
			buildSettings = {
				ALWAYS_EMBED_SWIFT_STANDARD_LIBRARIES = YES;
				CODE_SIGN_STYLE = Automatic;
				CURRENT_PROJECT_VERSION = 1;
				GENERATE_INFOPLIST_FILE = YES;
				MARKETING_VERSION = 1.0;
				PRODUCT_BUNDLE_IDENTIFIER = CPSC.TableViewUITests;
				PRODUCT_NAME = "$(TARGET_NAME)";
				SWIFT_EMIT_LOC_STRINGS = NO;
				SWIFT_VERSION = 5.0;
				TARGETED_DEVICE_FAMILY = "1,2";
				TEST_TARGET_NAME = TableView;
			};
			name = Debug;
		};
		F4A1EF612B8CDD5F00A0AA47 /* Release */ = {
			isa = XCBuildConfiguration;
			buildSettings = {
				ALWAYS_EMBED_SWIFT_STANDARD_LIBRARIES = YES;
				CODE_SIGN_STYLE = Automatic;
				CURRENT_PROJECT_VERSION = 1;
				GENERATE_INFOPLIST_FILE = YES;
				MARKETING_VERSION = 1.0;
				PRODUCT_BUNDLE_IDENTIFIER = CPSC.TableViewUITests;
				PRODUCT_NAME = "$(TARGET_NAME)";
				SWIFT_EMIT_LOC_STRINGS = NO;
				SWIFT_VERSION = 5.0;
				TARGETED_DEVICE_FAMILY = "1,2";
				TEST_TARGET_NAME = TableView;
			};
			name = Release;
		};
/* End XCBuildConfiguration section */

/* Begin XCConfigurationList section */
		F4A1EF302B8CDD5B00A0AA47 /* Build configuration list for PBXProject "TableView" */ = {
			isa = XCConfigurationList;
			buildConfigurations = (
				F4A1EF572B8CDD5F00A0AA47 /* Debug */,
				F4A1EF582B8CDD5F00A0AA47 /* Release */,
			);
			defaultConfigurationIsVisible = 0;
			defaultConfigurationName = Release;
		};
		F4A1EF592B8CDD5F00A0AA47 /* Build configuration list for PBXNativeTarget "TableView" */ = {
			isa = XCConfigurationList;
			buildConfigurations = (
				F4A1EF5A2B8CDD5F00A0AA47 /* Debug */,
				F4A1EF5B2B8CDD5F00A0AA47 /* Release */,
			);
			defaultConfigurationIsVisible = 0;
			defaultConfigurationName = Release;
		};
		F4A1EF5C2B8CDD5F00A0AA47 /* Build configuration list for PBXNativeTarget "TableViewTests" */ = {
			isa = XCConfigurationList;
			buildConfigurations = (
				F4A1EF5D2B8CDD5F00A0AA47 /* Debug */,
				F4A1EF5E2B8CDD5F00A0AA47 /* Release */,
			);
			defaultConfigurationIsVisible = 0;
			defaultConfigurationName = Release;
		};
		F4A1EF5F2B8CDD5F00A0AA47 /* Build configuration list for PBXNativeTarget "TableViewUITests" */ = {
			isa = XCConfigurationList;
			buildConfigurations = (
				F4A1EF602B8CDD5F00A0AA47 /* Debug */,
				F4A1EF612B8CDD5F00A0AA47 /* Release */,
			);
			defaultConfigurationIsVisible = 0;
			defaultConfigurationName = Release;
		};
/* End XCConfigurationList section */
	};
	rootObject = F4A1EF2D2B8CDD5B00A0AA47 /* Project object */;
}
